
Microsoft Visual Studio Solution File, Format Version 12.00
# Visual Studio Version 17
VisualStudioVersion = 17.14.36511.14 d17.14
MinimumVisualStudioVersion = 10.0.40219.1
Project("{FAE04EC0-301F-11D3-BF4B-00C04F79EFBC}") = "EU_Tagallamok", "EU_Tagallamok\EU_Tagallamok.csproj", "{79DD457C-23CA-48AB-8024-E9E187220C88}"
EndProject
Global
	GlobalSection(SolutionConfigurationPlatforms) = preSolution
		Debug|Any CPU = Debug|Any CPU
		Release|Any CPU = Release|Any CPU
	EndGlobalSection
	GlobalSection(ProjectConfigurationPlatforms) = postSolution
		{79DD457C-23CA-48AB-8024-E9E187220C88}.Debug|Any CPU.ActiveCfg = Debug|Any CPU
		{79DD457C-23CA-48AB-8024-E9E187220C88}.Debug|Any CPU.Build.0 = Debug|Any CPU
		{79DD457C-23CA-48AB-8024-E9E187220C88}.Release|Any CPU.ActiveCfg = Release|Any CPU
		{79DD457C-23CA-48AB-8024-E9E187220C88}.Release|Any CPU.Build.0 = Release|Any CPU
	EndGlobalSection
	GlobalSection(SolutionProperties) = preSolution
		HideSolutionNode = FALSE
	EndGlobalSection
	GlobalSection(ExtensibilityGlobals) = postSolution
		SolutionGuid = {B3960923-2E7F-4EFD-8497-853B944326E4}
	EndGlobalSection
EndGlobal
