
Microsoft Visual Studio Solution File, Format Version 12.00
# Visual Studio Version 17
VisualStudioVersion = 17.14.36511.14 d17.14
MinimumVisualStudioVersion = 10.0.40219.1
Project("{FAE04EC0-301F-11D3-BF4B-00C04F79EFBC}") = "VB", "VB\VB.csproj", "{344F2F24-7E56-42ED-94E1-5E1F0B8FDB63}"
EndProject
Global
	GlobalSection(SolutionConfigurationPlatforms) = preSolution
		Debug|Any CPU = Debug|Any CPU
		Release|Any CPU = Release|Any CPU
	EndGlobalSection
	GlobalSection(ProjectConfigurationPlatforms) = postSolution
		{344F2F24-7E56-42ED-94E1-5E1F0B8FDB63}.Debug|Any CPU.ActiveCfg = Debug|Any CPU
		{344F2F24-7E56-42ED-94E1-5E1F0B8FDB63}.Debug|Any CPU.Build.0 = Debug|Any CPU
		{344F2F24-7E56-42ED-94E1-5E1F0B8FDB63}.Release|Any CPU.ActiveCfg = Release|Any CPU
		{344F2F24-7E56-42ED-94E1-5E1F0B8FDB63}.Release|Any CPU.Build.0 = Release|Any CPU
	EndGlobalSection
	GlobalSection(SolutionProperties) = preSolution
		HideSolutionNode = FALSE
	EndGlobalSection
	GlobalSection(ExtensibilityGlobals) = postSolution
		SolutionGuid = {FD1B70FA-6250-4FFA-AC87-D16C27721D25}
	EndGlobalSection
EndGlobal
