
Microsoft Visual Studio Solution File, Format Version 12.00
# Visual Studio Version 17
VisualStudioVersion = 17.14.36109.1 d17.14
MinimumVisualStudioVersion = 10.0.40219.1
Project("{FAE04EC0-301F-11D3-BF4B-00C04F79EFBC}") = "REST_Sample", "REST_Sample\REST_Sample.csproj", "{CCBFA4F2-7E5F-4BE1-99F6-6DEC830103A3}"
EndProject
Global
	GlobalSection(SolutionConfigurationPlatforms) = preSolution
		Debug|Any CPU = Debug|Any CPU
		Release|Any CPU = Release|Any CPU
	EndGlobalSection
	GlobalSection(ProjectConfigurationPlatforms) = postSolution
		{CCBFA4F2-7E5F-4BE1-99F6-6DEC830103A3}.Debug|Any CPU.ActiveCfg = Debug|Any CPU
		{CCBFA4F2-7E5F-4BE1-99F6-6DEC830103A3}.Debug|Any CPU.Build.0 = Debug|Any CPU
		{CCBFA4F2-7E5F-4BE1-99F6-6DEC830103A3}.Release|Any CPU.ActiveCfg = Release|Any CPU
		{CCBFA4F2-7E5F-4BE1-99F6-6DEC830103A3}.Release|Any CPU.Build.0 = Release|Any CPU
	EndGlobalSection
	GlobalSection(SolutionProperties) = preSolution
		HideSolutionNode = FALSE
	EndGlobalSection
	GlobalSection(ExtensibilityGlobals) = postSolution
		SolutionGuid = {211B737D-453B-4695-8A49-89791F967EA8}
	EndGlobalSection
EndGlobal
