
Microsoft Visual Studio Solution File, Format Version 12.00
# Visual Studio Version 17
VisualStudioVersion = 17.14.36511.14 d17.14
MinimumVisualStudioVersion = 10.0.40219.1
Project("{FAE04EC0-301F-11D3-BF4B-00C04F79EFBC}") = "Calls", "Calls\Calls.csproj", "{CA9B5D55-B195-464C-A7EC-C7836EAAED44}"
EndProject
Global
	GlobalSection(SolutionConfigurationPlatforms) = preSolution
		Debug|Any CPU = Debug|Any CPU
		Release|Any CPU = Release|Any CPU
	EndGlobalSection
	GlobalSection(ProjectConfigurationPlatforms) = postSolution
		{CA9B5D55-B195-464C-A7EC-C7836EAAED44}.Debug|Any CPU.ActiveCfg = Debug|Any CPU
		{CA9B5D55-B195-464C-A7EC-C7836EAAED44}.Debug|Any CPU.Build.0 = Debug|Any CPU
		{CA9B5D55-B195-464C-A7EC-C7836EAAED44}.Release|Any CPU.ActiveCfg = Release|Any CPU
		{CA9B5D55-B195-464C-A7EC-C7836EAAED44}.Release|Any CPU.Build.0 = Release|Any CPU
	EndGlobalSection
	GlobalSection(SolutionProperties) = preSolution
		HideSolutionNode = FALSE
	EndGlobalSection
	GlobalSection(ExtensibilityGlobals) = postSolution
		SolutionGuid = {D08DB26A-A193-4ECF-9C6F-C02C0F9606DD}
	EndGlobalSection
EndGlobal
